
Microsoft Visual Studio Solution File, Format Version 12.00
# Visual Studio 15
VisualStudioVersion = 15.0.27705.2000
MinimumVisualStudioVersion = 10.0.40219.1
Project("{FAE04EC0-301F-11D3-BF4B-00C04F79EFBC}") = "dugensworkshop2", "dugensworkshop2\dugensworkshop2.csproj", "{208CB8C3-18CA-4CE9-9E1C-7323FC95BCAA}"
EndProject
Global
	GlobalSection(SolutionConfigurationPlatforms) = preSolution
		Debug|Any CPU = Debug|Any CPU
		Release|Any CPU = Release|Any CPU
	EndGlobalSection
	GlobalSection(ProjectConfigurationPlatforms) = postSolution
		{208CB8C3-18CA-4CE9-9E1C-7323FC95BCAA}.Debug|Any CPU.ActiveCfg = Debug|Any CPU
		{208CB8C3-18CA-4CE9-9E1C-7323FC95BCAA}.Debug|Any CPU.Build.0 = Debug|Any CPU
		{208CB8C3-18CA-4CE9-9E1C-7323FC95BCAA}.Release|Any CPU.ActiveCfg = Release|Any CPU
		{208CB8C3-18CA-4CE9-9E1C-7323FC95BCAA}.Release|Any CPU.Build.0 = Release|Any CPU
	EndGlobalSection
	GlobalSection(SolutionProperties) = preSolution
		HideSolutionNode = FALSE
	EndGlobalSection
	GlobalSection(ExtensibilityGlobals) = postSolution
		SolutionGuid = {6D683100-4B47-43C0-B02C-28F1BD7AE629}
	EndGlobalSection
EndGlobal
